Microsoft Visual Studio Solution File, Format Version 12.00
# Visual Studio Version 17
VisualStudioVersion = 17.5.2.0
MinimumVisualStudioVersion = 10.0.40219.1
Project("{2150E333-8FDC-42A3-9474-1A3956D46DE8}") = "csharp", "csharp", "{B41BF331-FCCB-2ADF-CDB6-767964B34647}"
EndProject
Project("{FAE04EC0-301F-11D3-BF4B-00C04F79EFBC}") = "VL.IO.InfluxDBUtils", "csharp\VL.IO.InfluxDBUtils\VL.IO.InfluxDBUtils.csproj", "{17246A5E-57B3-A4A6-F192-83A4252CBD16}"
EndProject
Global
	GlobalSection(SolutionConfigurationPlatforms) = preSolution
		Debug|Any CPU = Debug|Any CPU
		Release|Any CPU = Release|Any CPU
	EndGlobalSection
	GlobalSection(ProjectConfigurationPlatforms) = postSolution
		{17246A5E-57B3-A4A6-F192-83A4252CBD16}.Debug|Any CPU.ActiveCfg = Debug|Any CPU
		{17246A5E-57B3-A4A6-F192-83A4252CBD16}.Debug|Any CPU.Build.0 = Debug|Any CPU
		{17246A5E-57B3-A4A6-F192-83A4252CBD16}.Release|Any CPU.ActiveCfg = Release|Any CPU
		{17246A5E-57B3-A4A6-F192-83A4252CBD16}.Release|Any CPU.Build.0 = Release|Any CPU
	EndGlobalSection
	GlobalSection(SolutionProperties) = preSolution
		HideSolutionNode = FALSE
	EndGlobalSection
	GlobalSection(NestedProjects) = preSolution
		{17246A5E-57B3-A4A6-F192-83A4252CBD16} = {B41BF331-FCCB-2ADF-CDB6-767964B34647}
	EndGlobalSection
	GlobalSection(ExtensibilityGlobals) = postSolution
		SolutionGuid = {2FECD25E-7FD6-4C30-A333-17D5C73504E8}
	EndGlobalSection
EndGlobal
